// !$*UTF8*$!
{
	archiveVersion = 1;
	classes = {
	};
	objectVersion = 77;
	objects = {

/* Begin PBXContainerItemProxy section */
		CED222832DAEB6770021195C /* PBXContainerItemProxy */ = {
			isa = PBXContainerItemProxy;
			containerPortal = CED2226D2DAEB6760021195C /* Project object */;
			proxyType = 1;
			remoteGlobalIDString = CED222742DAEB6760021195C;
			remoteInfo = GPSTracker;
		};
		CED2228D2DAEB6770021195C /* PBXContainerItemProxy */ = {
			isa = PBXContainerItemProxy;
			containerPortal = CED2226D2DAEB6760021195C /* Project object */;
			proxyType = 1;
			remoteGlobalIDString = CED222742DAEB6760021195C;
			remoteInfo = GPSTracker;
		};
/* End PBXContainerItemProxy section */

/* Begin PBXFileReference section */
		CED222752DAEB6760021195C /* GPSTracker.app */ = {isa = PBXFileReference; explicitFileType = wrapper.application; includeInIndex = 0; path = GPSTracker.app; sourceTree = BUILT_PRODUCTS_DIR; };
		CED222822DAEB6770021195C /* GPSTrackerTests.xctest */ = {isa = PBXFileReference; explicitFileType = wrapper.cfbundle; includeInIndex = 0; path = GPSTrackerTests.xctest; sourceTree = BUILT_PRODUCTS_DIR; };
		CED2228C2DAEB6770021195C /* GPSTrackerUITests.xctest */ = {isa = PBXFileReference; explicitFileType = wrapper.cfbundle; includeInIndex = 0; path = GPSTrackerUITests.xctest; sourceTree = BUILT_PRODUCTS_DIR; };
/* End PBXFileReference section */

/* Begin PBXFileSystemSynchronizedBuildFileExceptionSet section */
		CE5D192E2DB42D2E0010FD7A /* Exceptions for "GPSTracker" folder in "GPSTracker" target */ = {
			isa = PBXFileSystemSynchronizedBuildFileExceptionSet;
			membershipExceptions = (
				Info.plist,
			);
			target = CED222742DAEB6760021195C /* GPSTracker */;
		};
/* End PBXFileSystemSynchronizedBuildFileExceptionSet section */

/* Begin PBXFileSystemSynchronizedRootGroup section */
		CED222772DAEB6760021195C /* GPSTracker */ = {
			isa = PBXFileSystemSynchronizedRootGroup;
			exceptions = (
				CE5D192E2DB42D2E0010FD7A /* Exceptions for "GPSTracker" folder in "GPSTracker" target */,
			);
			path = GPSTracker;
			sourceTree = "<group>";
		};
		CED222852DAEB6770021195C /* GPSTrackerTests */ = {
			isa = PBXFileSystemSynchronizedRootGroup;
			path = GPSTrackerTests;
			sourceTree = "<group>";
		};
		CED2228F2DAEB6770021195C /* GPSTrackerUITests */ = {
			isa = PBXFileSystemSynchronizedRootGroup;
			path = GPSTrackerUITests;
			sourceTree = "<group>";
		};
/* End PBXFileSystemSynchronizedRootGroup section */

/* Begin PBXFrameworksBuildPhase section */
		CED222722DAEB6760021195C /* Frameworks */ = {
			isa = PBXFrameworksBuildPhase;
			buildActionMask = 2147483647;
			files = (
			);
			runOnlyForDeploymentPostprocessing = 0;
		};
		CED2227F2DAEB6770021195C /* Frameworks */ = {
			isa = PBXFrameworksBuildPhase;
			buildActionMask = 2147483647;
			files = (
			);
			runOnlyForDeploymentPostprocessing = 0;
		};
		CED222892DAEB6770021195C /* Frameworks */ = {
			isa = PBXFrameworksBuildPhase;
			buildActionMask = 2147483647;
			files = (
			);
			runOnlyForDeploymentPostprocessing = 0;
		};
/* End PBXFrameworksBuildPhase section */

/* Begin PBXGroup section */
		CED2226C2DAEB6760021195C = {
			isa = PBXGroup;
			children = (
				CED222772DAEB6760021195C /* GPSTracker */,
				CED222852DAEB6770021195C /* GPSTrackerTests */,
				CED2228F2DAEB6770021195C /* GPSTrackerUITests */,
				CED222762DAEB6760021195C /* Products */,
			);
			sourceTree = "<group>";
		};
		CED222762DAEB6760021195C /* Products */ = {
			isa = PBXGroup;
			children = (
				CED222752DAEB6760021195C /* GPSTracker.app */,
				CED222822DAEB6770021195C /* GPSTrackerTests.xctest */,
				CED2228C2DAEB6770021195C /* GPSTrackerUITests.xctest */,
			);
			name = Products;
			sourceTree = "<group>";
		};
/* End PBXGroup section */

/* Begin PBXNativeTarget section */
		CED222742DAEB6760021195C /* GPSTracker */ = {
			isa = PBXNativeTarget;
			buildConfigurationList = CED222962DAEB6770021195C /* Build configuration list for PBXNativeTarget "GPSTracker" */;
			buildPhases = (
				CED222712DAEB6760021195C /* Sources */,
				CED222722DAEB6760021195C /* Frameworks */,
				CED222732DAEB6760021195C /* Resources */,
			);
			buildRules = (
			);
			dependencies = (
			);
			fileSystemSynchronizedGroups = (
				CED222772DAEB6760021195C /* GPSTracker */,
			);
			name = GPSTracker;
			packageProductDependencies = (
			);
			productName = GPSTracker;
			productReference = CED222752DAEB6760021195C /* GPSTracker.app */;
			productType = "com.apple.product-type.application";
		};
		CED222812DAEB6770021195C /* GPSTrackerTests */ = {
			isa = PBXNativeTarget;
			buildConfigurationList = CED222992DAEB6770021195C /* Build configuration list for PBXNativeTarget "GPSTrackerTests" */;
			buildPhases = (
				CED2227E2DAEB6770021195C /* Sources */,
				CED2227F2DAEB6770021195C /* Frameworks */,
				CED222802DAEB6770021195C /* Resources */,
			);
			buildRules = (
			);
			dependencies = (
				CED222842DAEB6770021195C /* PBXTargetDependency */,
			);
			fileSystemSynchronizedGroups = (
				CED222852DAEB6770021195C /* GPSTrackerTests */,
			);
			name = GPSTrackerTests;
			packageProductDependencies = (
			);
			productName = GPSTrackerTests;
			productReference = CED222822DAEB6770021195C /* GPSTrackerTests.xctest */;
			productType = "com.apple.product-type.bundle.unit-test";
		};
		CED2228B2DAEB6770021195C /* GPSTrackerUITests */ = {
			isa = PBXNativeTarget;
			buildConfigurationList = CED2229C2DAEB6770021195C /* Build configuration list for PBXNativeTarget "GPSTrackerUITests" */;
			buildPhases = (
				CED222882DAEB6770021195C /* Sources */,
				CED222892DAEB6770021195C /* Frameworks */,
				CED2228A2DAEB6770021195C /* Resources */,
			);
			buildRules = (
			);
			dependencies = (
				CED2228E2DAEB6770021195C /* PBXTargetDependency */,
			);
			fileSystemSynchronizedGroups = (
				CED2228F2DAEB6770021195C /* GPSTrackerUITests */,
			);
			name = GPSTrackerUITests;
			packageProductDependencies = (
			);
			productName = GPSTrackerUITests;
			productReference = CED2228C2DAEB6770021195C /* GPSTrackerUITests.xctest */;
			productType = "com.apple.product-type.bundle.ui-testing";
		};
/* End PBXNativeTarget section */

/* Begin PBXProject section */
		CED2226D2DAEB6760021195C /* Project object */ = {
			isa = PBXProject;
			attributes = {
				BuildIndependentTargetsInParallel = 1;
				LastSwiftUpdateCheck = 1630;
				LastUpgradeCheck = 1630;
				TargetAttributes = {
					CED222742DAEB6760021195C = {
						CreatedOnToolsVersion = 16.3;
					};
					CED222812DAEB6770021195C = {
						CreatedOnToolsVersion = 16.3;
						TestTargetID = CED222742DAEB6760021195C;
					};
					CED2228B2DAEB6770021195C = {
						CreatedOnToolsVersion = 16.3;
						TestTargetID = CED222742DAEB6760021195C;
					};
				};
			};
			buildConfigurationList = CED222702DAEB6760021195C /* Build configuration list for PBXProject "GPSTracker" */;
			developmentRegion = en;
			hasScannedForEncodings = 0;
			knownRegions = (
				en,
				Base,
			);
			mainGroup = CED2226C2DAEB6760021195C;
			minimizedProjectReferenceProxies = 1;
			preferredProjectObjectVersion = 77;
			productRefGroup = CED222762DAEB6760021195C /* Products */;
			projectDirPath = "";
			projectRoot = "";
			targets = (
				CED222742DAEB6760021195C /* GPSTracker */,
				CED222812DAEB6770021195C /* GPSTrackerTests */,
				CED2228B2DAEB6770021195C /* GPSTrackerUITests */,
			);
		};
/* End PBXProject section */

/* Begin PBXResourcesBuildPhase section */
		CED222732DAEB6760021195C /* Resources */ = {
			isa = PBXResourcesBuildPhase;
			buildActionMask = 2147483647;
			files = (
			);
			runOnlyForDeploymentPostprocessing = 0;
		};
		CED222802DAEB6770021195C /* Resources */ = {
			isa = PBXResourcesBuildPhase;
			buildActionMask = 2147483647;
			files = (
			);
			runOnlyForDeploymentPostprocessing = 0;
		};
		CED2228A2DAEB6770021195C /* Resources */ = {
			isa = PBXResourcesBuildPhase;
			buildActionMask = 2147483647;
			files = (
			);
			runOnlyForDeploymentPostprocessing = 0;
		};
/* End PBXResourcesBuildPhase section */

/* Begin PBXSourcesBuildPhase section */
		CED222712DAEB6760021195C /* Sources */ = {
			isa = PBXSourcesBuildPhase;
			buildActionMask = 2147483647;
			files = (
			);
			runOnlyForDeploymentPostprocessing = 0;
		};
		CED2227E2DAEB6770021195C /* Sources */ = {
			isa = PBXSourcesBuildPhase;
			buildActionMask = 2147483647;
			files = (
			);
			runOnlyForDeploymentPostprocessing = 0;
		};
		CED222882DAEB6770021195C /* Sources */ = {
			isa = PBXSourcesBuildPhase;
			buildActionMask = 2147483647;
			files = (
			);
			runOnlyForDeploymentPostprocessing = 0;
		};
/* End PBXSourcesBuildPhase section */

/* Begin PBXTargetDependency section */
		CED222842DAEB6770021195C /* PBXTargetDependency */ = {
			isa = PBXTargetDependency;
			target = CED222742DAEB6760021195C /* GPSTracker */;
			targetProxy = CED222832DAEB6770021195C /* PBXContainerItemProxy */;
		};
		CED2228E2DAEB6770021195C /* PBXTargetDependency */ = {
			isa = PBXTargetDependency;
			target = CED222742DAEB6760021195C /* GPSTracker */;
			targetProxy = CED2228D2DAEB6770021195C /* PBXContainerItemProxy */;
		};
/* End PBXTargetDependency section */

/* Begin XCBuildConfiguration section */
		CED222942DAEB6770021195C /* Debug */ = {
			isa = XCBuildConfiguration;
			buildSettings = {
				ALWAYS_SEARCH_USER_PATHS = NO;
				ASSETCATALOG_COMPILER_GENERATE_SWIFT_ASSET_SYMBOL_EXTENSIONS = YES;
				CLANG_ANALYZER_NONNULL = YES;
				CLANG_ANALYZER_NUMBER_OBJECT_CONVERSION = YES_AGGRESSIVE;
				CLANG_CXX_LANGUAGE_STANDARD = "gnu++20";
				CLANG_ENABLE_MODULES = YES;
				CLANG_ENABLE_OBJC_ARC = YES;
				CLANG_ENABLE_OBJC_WEAK = YES;
				CLANG_WARN_BLOCK_CAPTURE_AUTORELEASING = YES;
				CLANG_WARN_BOOL_CONVERSION = YES;
				CLANG_WARN_COMMA = YES;
				CLANG_WARN_CONSTANT_CONVERSION = YES;
				CLANG_WARN_DEPRECATED_OBJC_IMPLEMENTATIONS = YES;
				CLANG_WARN_DIRECT_OBJC_ISA_USAGE = YES_ERROR;
				CLANG_WARN_DOCUMENTATION_COMMENTS = YES;
				CLANG_WARN_EMPTY_BODY = YES;
				CLANG_WARN_ENUM_CONVERSION = YES;
				CLANG_WARN_INFINITE_RECURSION = YES;
				CLANG_WARN_INT_CONVERSION = YES;
				CLANG_WARN_NON_LITERAL_NULL_CONVERSION = YES;
				CLANG_WARN_OBJC_IMPLICIT_RETAIN_SELF = YES;
				CLANG_WARN_OBJC_LITERAL_CONVERSION = YES;
				CLANG_WARN_OBJC_ROOT_CLASS = YES_ERROR;
				CLANG_WARN_QUOTED_INCLUDE_IN_FRAMEWORK_HEADER = YES;
				CLANG_WARN_RANGE_LOOP_ANALYSIS = YES;
				CLANG_WARN_STRICT_PROTOTYPES = YES;
				CLANG_WARN_SUSPICIOUS_MOVE = YES;
				CLANG_WARN_UNGUARDED_AVAILABILITY = YES_AGGRESSIVE;
				CLANG_WARN_UNREACHABLE_CODE = YES;
				CLANG_WARN__DUPLICATE_METHOD_MATCH = YES;
				COPY_PHASE_STRIP = NO;
				DEBUG_INFORMATION_FORMAT = dwarf;
				DEVELOPMENT_TEAM = 664X7G9P7V;
				ENABLE_STRICT_OBJC_MSGSEND = YES;
				ENABLE_TESTABILITY = YES;
				ENABLE_USER_SCRIPT_SANDBOXING = YES;
				GCC_C_LANGUAGE_STANDARD = gnu17;
				GCC_DYNAMIC_NO_PIC = NO;
				GCC_NO_COMMON_BLOCKS = YES;
				GCC_OPTIMIZATION_LEVEL = 0;
				GCC_PREPROCESSOR_DEFINITIONS = (
					"DEBUG=1",
					"$(inherited)",
				);
				GCC_WARN_64_TO_32_BIT_CONVERSION = YES;
				GCC_WARN_ABOUT_RETURN_TYPE = YES_ERROR;
				GCC_WARN_UNDECLARED_SELECTOR = YES;
				GCC_WARN_UNINITIALIZED_AUTOS = YES_AGGRESSIVE;
				GCC_WARN_UNUSED_FUNCTION = YES;
				GCC_WARN_UNUSED_VARIABLE = YES;
				IPHONEOS_DEPLOYMENT_TARGET = 18.4;
				LOCALIZATION_PREFERS_STRING_CATALOGS = YES;
				MTL_ENABLE_DEBUG_INFO = INCLUDE_SOURCE;
				MTL_FAST_MATH = YES;
				ONLY_ACTIVE_ARCH = YES;
				SDKROOT = iphoneos;
				SWIFT_ACTIVE_COMPILATION_CONDITIONS = "DEBUG $(inherited)";
				SWIFT_OPTIMIZATION_LEVEL = "-Onone";
			};
			name = Debug;
		};
		CED222952DAEB6770021195C /* Release */ = {
			isa = XCBuildConfiguration;
			buildSettings = {
				ALWAYS_SEARCH_USER_PATHS = NO;
				ASSETCATALOG_COMPILER_GENERATE_SWIFT_ASSET_SYMBOL_EXTENSIONS = YES;
				CLANG_ANALYZER_NONNULL = YES;
				CLANG_ANALYZER_NUMBER_OBJECT_CONVERSION = YES_AGGRESSIVE;
				CLANG_CXX_LANGUAGE_STANDARD = "gnu++20";
				CLANG_ENABLE_MODULES = YES;
				CLANG_ENABLE_OBJC_ARC = YES;
				CLANG_ENABLE_OBJC_WEAK = YES;
				CLANG_WARN_BLOCK_CAPTURE_AUTORELEASING = YES;
				CLANG_WARN_BOOL_CONVERSION = YES;
				CLANG_WARN_COMMA = YES;
				CLANG_WARN_CONSTANT_CONVERSION = YES;
				CLANG_WARN_DEPRECATED_OBJC_IMPLEMENTATIONS = YES;
				CLANG_WARN_DIRECT_OBJC_ISA_USAGE = YES_ERROR;
				CLANG_WARN_DOCUMENTATION_COMMENTS = YES;
				CLANG_WARN_EMPTY_BODY = YES;
				CLANG_WARN_ENUM_CONVERSION = YES;
				CLANG_WARN_INFINITE_RECURSION = YES;
				CLANG_WARN_INT_CONVERSION = YES;
				CLANG_WARN_NON_LITERAL_NULL_CONVERSION = YES;
				CLANG_WARN_OBJC_IMPLICIT_RETAIN_SELF = YES;
				CLANG_WARN_OBJC_LITERAL_CONVERSION = YES;
				CLANG_WARN_OBJC_ROOT_CLASS = YES_ERROR;
				CLANG_WARN_QUOTED_INCLUDE_IN_FRAMEWORK_HEADER = YES;
				CLANG_WARN_RANGE_LOOP_ANALYSIS = YES;
				CLANG_WARN_STRICT_PROTOTYPES = YES;
				CLANG_WARN_SUSPICIOUS_MOVE = YES;
				CLANG_WARN_UNGUARDED_AVAILABILITY = YES_AGGRESSIVE;
				CLANG_WARN_UNREACHABLE_CODE = YES;
				CLANG_WARN__DUPLICATE_METHOD_MATCH = YES;
				COPY_PHASE_STRIP = NO;
				DEBUG_INFORMATION_FORMAT = "dwarf-with-dsym";
				DEVELOPMENT_TEAM = 664X7G9P7V;
				ENABLE_NS_ASSERTIONS = NO;
				ENABLE_STRICT_OBJC_MSGSEND = YES;
				ENABLE_USER_SCRIPT_SANDBOXING = YES;
				GCC_C_LANGUAGE_STANDARD = gnu17;
				GCC_NO_COMMON_BLOCKS = YES;
				GCC_WARN_64_TO_32_BIT_CONVERSION = YES;
				GCC_WARN_ABOUT_RETURN_TYPE = YES_ERROR;
				GCC_WARN_UNDECLARED_SELECTOR = YES;
				GCC_WARN_UNINITIALIZED_AUTOS = YES_AGGRESSIVE;
				GCC_WARN_UNUSED_FUNCTION = YES;
				GCC_WARN_UNUSED_VARIABLE = YES;
				IPHONEOS_DEPLOYMENT_TARGET = 18.4;
				LOCALIZATION_PREFERS_STRING_CATALOGS = YES;
				MTL_ENABLE_DEBUG_INFO = NO;
				MTL_FAST_MATH = YES;
				SDKROOT = iphoneos;
				SWIFT_COMPILATION_MODE = wholemodule;
				VALIDATE_PRODUCT = YES;
			};
			name = Release;
		};
		CED222972DAEB6770021195C /* Debug */ = {
			isa = XCBuildConfiguration;
			buildSettings = {
				ASSETCATALOG_COMPILER_APPICON_NAME = AppIcon;
				ASSETCATALOG_COMPILER_GLOBAL_ACCENT_COLOR_NAME = AccentColor;
				CODE_SIGN_STYLE = Automatic;
				CURRENT_PROJECT_VERSION = 1;
				DEVELOPMENT_TEAM = 664X7G9P7V;
				ENABLE_PREVIEWS = YES;
				GENERATE_INFOPLIST_FILE = YES;
				INFOPLIST_FILE = GPSTracker/Info.plist;
				INFOPLIST_KEY_NSLocationAlwaysAndWhenInUseUsageDescription = "Track location in background";
				INFOPLIST_KEY_NSLocationAlwaysUsageDescription = "Tracking for gpstracker";
				INFOPLIST_KEY_NSLocationWhenInUseUsageDescription = "Track your app while the app is active";
				INFOPLIST_KEY_UIApplicationSceneManifest_Generation = YES;
				INFOPLIST_KEY_UIApplicationSupportsIndirectInputEvents = YES;
				INFOPLIST_KEY_UILaunchScreen_Generation = YES;
				INFOPLIST_KEY_UISupportedInterfaceOrientations_iPad = "UIInterfaceOrientationPortrait UIInterfaceOrientationPortraitUpsideDown UIInterfaceOrientationLandscapeLeft UIInterfaceOrientationLandscapeRight";
				INFOPLIST_KEY_UISupportedInterfaceOrientations_iPhone = "UIInterfaceOrientationPortrait UIInterfaceOrientationLandscapeLeft UIInterfaceOrientationLandscapeRight";
				IPHONEOS_DEPLOYMENT_TARGET = 17.0;
				LD_RUNPATH_SEARCH_PATHS = (
					"$(inherited)",
					"@executable_path/Frameworks",
				);
				MARKETING_VERSION = 1.0;
				PRODUCT_BUNDLE_IDENTIFIER = com.websmithing.GPSTracker;
				PRODUCT_NAME = "$(TARGET_NAME)";
				SWIFT_EMIT_LOC_STRINGS = YES;
				SWIFT_VERSION = 5.0;
				TARGETED_DEVICE_FAMILY = "1,2";
			};
			name = Debug;
		};
		CED222982DAEB6770021195C /* Release */ = {
			isa = XCBuildConfiguration;
			buildSettings = {
				ASSETCATALOG_COMPILER_APPICON_NAME = AppIcon;
				ASSETCATALOG_COMPILER_GLOBAL_ACCENT_COLOR_NAME = AccentColor;
				CODE_SIGN_STYLE = Automatic;
				CURRENT_PROJECT_VERSION = 1;
				DEVELOPMENT_TEAM = 664X7G9P7V;
				ENABLE_PREVIEWS = YES;
				GENERATE_INFOPLIST_FILE = YES;
				INFOPLIST_FILE = GPSTracker/Info.plist;
				INFOPLIST_KEY_NSLocationAlwaysAndWhenInUseUsageDescription = "Track location in background";
				INFOPLIST_KEY_NSLocationAlwaysUsageDescription = "Tracking for gpstracker";
				INFOPLIST_KEY_NSLocationWhenInUseUsageDescription = "Track your app while the app is active";
				INFOPLIST_KEY_UIApplicationSceneManifest_Generation = YES;
				INFOPLIST_KEY_UIApplicationSupportsIndirectInputEvents = YES;
				INFOPLIST_KEY_UILaunchScreen_Generation = YES;
				INFOPLIST_KEY_UISupportedInterfaceOrientations_iPad = "UIInterfaceOrientationPortrait UIInterfaceOrientationPortraitUpsideDown UIInterfaceOrientationLandscapeLeft UIInterfaceOrientationLandscapeRight";
				INFOPLIST_KEY_UISupportedInterfaceOrientations_iPhone = "UIInterfaceOrientationPortrait UIInterfaceOrientationLandscapeLeft UIInterfaceOrientationLandscapeRight";
				IPHONEOS_DEPLOYMENT_TARGET = 17.0;
				LD_RUNPATH_SEARCH_PATHS = (
					"$(inherited)",
					"@executable_path/Frameworks",
				);
				MARKETING_VERSION = 1.0;
				PRODUCT_BUNDLE_IDENTIFIER = com.websmithing.GPSTracker;
				PRODUCT_NAME = "$(TARGET_NAME)";
				SWIFT_EMIT_LOC_STRINGS = YES;
				SWIFT_VERSION = 5.0;
				TARGETED_DEVICE_FAMILY = "1,2";
			};
			name = Release;
		};
		CED2229A2DAEB6770021195C /* Debug */ = {
			isa = XCBuildConfiguration;
			buildSettings = {
				BUNDLE_LOADER = "$(TEST_HOST)";
				CODE_SIGN_STYLE = Automatic;
				CURRENT_PROJECT_VERSION = 1;
				DEVELOPMENT_TEAM = 664X7G9P7V;
				GENERATE_INFOPLIST_FILE = YES;
				IPHONEOS_DEPLOYMENT_TARGET = 18.4;
				MARKETING_VERSION = 1.0;
				PRODUCT_BUNDLE_IDENTIFIER = com.websmithing.GPSTrackerTests;
				PRODUCT_NAME = "$(TARGET_NAME)";
				SWIFT_EMIT_LOC_STRINGS = NO;
				SWIFT_VERSION = 5.0;
				TARGETED_DEVICE_FAMILY = "1,2";
				TEST_HOST = "$(BUILT_PRODUCTS_DIR)/GPSTracker.app/$(BUNDLE_EXECUTABLE_FOLDER_PATH)/GPSTracker";
			};
			name = Debug;
		};
		CED2229B2DAEB6770021195C /* Release */ = {
			isa = XCBuildConfiguration;
			buildSettings = {
				BUNDLE_LOADER = "$(TEST_HOST)";
				CODE_SIGN_STYLE = Automatic;
				CURRENT_PROJECT_VERSION = 1;
				DEVELOPMENT_TEAM = 664X7G9P7V;
				GENERATE_INFOPLIST_FILE = YES;
				IPHONEOS_DEPLOYMENT_TARGET = 18.4;
				MARKETING_VERSION = 1.0;
				PRODUCT_BUNDLE_IDENTIFIER = com.websmithing.GPSTrackerTests;
				PRODUCT_NAME = "$(TARGET_NAME)";
				SWIFT_EMIT_LOC_STRINGS = NO;
				SWIFT_VERSION = 5.0;
				TARGETED_DEVICE_FAMILY = "1,2";
				TEST_HOST = "$(BUILT_PRODUCTS_DIR)/GPSTracker.app/$(BUNDLE_EXECUTABLE_FOLDER_PATH)/GPSTracker";
			};
			name = Release;
		};
		CED2229D2DAEB6770021195C /* Debug */ = {
			isa = XCBuildConfiguration;
			buildSettings = {
				CODE_SIGN_STYLE = Automatic;
				CURRENT_PROJECT_VERSION = 1;
				DEVELOPMENT_TEAM = 664X7G9P7V;
				GENERATE_INFOPLIST_FILE = YES;
				MARKETING_VERSION = 1.0;
				PRODUCT_BUNDLE_IDENTIFIER = com.websmithing.GPSTrackerUITests;
				PRODUCT_NAME = "$(TARGET_NAME)";
				SWIFT_EMIT_LOC_STRINGS = NO;
				SWIFT_VERSION = 5.0;
				TARGETED_DEVICE_FAMILY = "1,2";
				TEST_TARGET_NAME = GPSTracker;
			};
			name = Debug;
		};
		CED2229E2DAEB6770021195C /* Release */ = {
			isa = XCBuildConfiguration;
			buildSettings = {
				CODE_SIGN_STYLE = Automatic;
				CURRENT_PROJECT_VERSION = 1;
				DEVELOPMENT_TEAM = 664X7G9P7V;
				GENERATE_INFOPLIST_FILE = YES;
				MARKETING_VERSION = 1.0;
				PRODUCT_BUNDLE_IDENTIFIER = com.websmithing.GPSTrackerUITests;
				PRODUCT_NAME = "$(TARGET_NAME)";
				SWIFT_EMIT_LOC_STRINGS = NO;
				SWIFT_VERSION = 5.0;
				TARGETED_DEVICE_FAMILY = "1,2";
				TEST_TARGET_NAME = GPSTracker;
			};
			name = Release;
		};
/* End XCBuildConfiguration section */

/* Begin XCConfigurationList section */
		CED222702DAEB6760021195C /* Build configuration list for PBXProject "GPSTracker" */ = {
			isa = XCConfigurationList;
			buildConfigurations = (
				CED222942DAEB6770021195C /* Debug */,
				CED222952DAEB6770021195C /* Release */,
			);
			defaultConfigurationIsVisible = 0;
			defaultConfigurationName = Release;
		};
		CED222962DAEB6770021195C /* Build configuration list for PBXNativeTarget "GPSTracker" */ = {
			isa = XCConfigurationList;
			buildConfigurations = (
				CED222972DAEB6770021195C /* Debug */,
				CED222982DAEB6770021195C /* Release */,
			);
			defaultConfigurationIsVisible = 0;
			defaultConfigurationName = Release;
		};
		CED222992DAEB6770021195C /* Build configuration list for PBXNativeTarget "GPSTrackerTests" */ = {
			isa = XCConfigurationList;
			buildConfigurations = (
				CED2229A2DAEB6770021195C /* Debug */,
				CED2229B2DAEB6770021195C /* Release */,
			);
			defaultConfigurationIsVisible = 0;
			defaultConfigurationName = Release;
		};
		CED2229C2DAEB6770021195C /* Build configuration list for PBXNativeTarget "GPSTrackerUITests" */ = {
			isa = XCConfigurationList;
			buildConfigurations = (
				CED2229D2DAEB6770021195C /* Debug */,
				CED2229E2DAEB6770021195C /* Release */,
			);
			defaultConfigurationIsVisible = 0;
			defaultConfigurationName = Release;
		};
/* End XCConfigurationList section */
	};
	rootObject = CED2226D2DAEB6760021195C /* Project object */;
}
